
Microsoft Visual Studio Solution File, Format Version 12.00
# Visual Studio Version 16
VisualStudioVersion = 16.0.34114.132
MinimumVisualStudioVersion = 10.0.40219.1
Project("{2150E333-8FDC-42A3-9474-1A3956D46DE8}") = "Task0", "Task0", "{8EA455BD-D0B9-4BFE-85B1-05825F637CC8}"
EndProject
Project("{2150E333-8FDC-42A3-9474-1A3956D46DE8}") = "Task1", "Task1", "{00F9DD37-3230-43B6-AEB3-3355FB5F1FA8}"
EndProject
Project("{2150E333-8FDC-42A3-9474-1A3956D46DE8}") = "Task2", "Task2", "{59D8F170-5460-4BD2-B2AE-679C2DAEC1FA}"
EndProject
Project("{2150E333-8FDC-42A3-9474-1A3956D46DE8}") = "Task3", "Task3", "{71C512F8-F1BF-4755-A5CA-22AC18792D20}"
EndProject
Project("{2150E333-8FDC-42A3-9474-1A3956D46DE8}") = "Task4", "Task4", "{BC16BDDA-52AA-48D3-B6F2-95F3B84C1CD4}"
EndProject
Project("{2150E333-8FDC-42A3-9474-1A3956D46DE8}") = "Task5", "Task5", "{695A2A7C-690E-4B93-A8E8-6B2B1E9CAF1A}"
EndProject
Project("{2150E333-8FDC-42A3-9474-1A3956D46DE8}") = "Task6", "Task6", "{3390551D-E0CF-4852-B92F-3010CED786EC}"
EndProject
Project("{2150E333-8FDC-42A3-9474-1A3956D46DE8}") = "Task7", "Task7", "{D3127D21-A3F7-4F1C-9602-C722AF7B2D90}"
EndProject
Project("{FAE04EC0-301F-11D3-BF4B-00C04F79EFBC}") = "Tyuiu.MelehovAG.Sprint4.Task0.V0", "Tyuiu.MelehovAG.Sprint4.Task0.V0\Tyuiu.MelehovAG.Sprint4.Task0.V0.csproj", "{89BE7EB7-E7F8-43DB-ACF1-7C91B0873DE5}"
EndProject
Project("{FAE04EC0-301F-11D3-BF4B-00C04F79EFBC}") = "Tyuiu.MelehovAG.Sprint4.Task0.V0.Lib", "Tyuiu.MelehovAG.Sprint4.Task0.V0.Lib\Tyuiu.MelehovAG.Sprint4.Task0.V0.Lib.csproj", "{64B817C2-AEB0-462C-9BB0-9FE5EF4F82C9}"
EndProject
Project("{FAE04EC0-301F-11D3-BF4B-00C04F79EFBC}") = "Tyuiu.MelehovAG.Sprint4.Task0.V0.Test", "Tyuiu.MelehovAG.Sprint4.Task0.V0.Test\Tyuiu.MelehovAG.Sprint4.Task0.V0.Test.csproj", "{FF772849-5EF9-4278-865A-52716669EA84}"
EndProject
Project("{FAE04EC0-301F-11D3-BF4B-00C04F79EFBC}") = "Tyuiu.MelehovAG.Sprint4.Task1.V0", "Tyuiu.MelehovAG.Sprint4.Task1.V0\Tyuiu.MelehovAG.Sprint4.Task1.V0.csproj", "{B3CFDC2C-48A6-4AB1-81D2-3B66F48C3210}"
EndProject
Project("{FAE04EC0-301F-11D3-BF4B-00C04F79EFBC}") = "Tyuiu.MelehovAG.Sprint4.Task1.V0.Lib", "Tyuiu.MelehovAG.Sprint4.Task1.V0.Lib\Tyuiu.MelehovAG.Sprint4.Task1.V0.Lib.csproj", "{4C198449-1CBA-453B-8B08-462F94987368}"
EndProject
Project("{FAE04EC0-301F-11D3-BF4B-00C04F79EFBC}") = "Tyuiu.MelehovAG.Sprint4.Task1.V0.Test", "Tyuiu.MelehovAG.Sprint4.Task1.V0.Test\Tyuiu.MelehovAG.Sprint4.Task1.V0.Test.csproj", "{354CDC39-CC7A-473F-844F-4F640B81BCF3}"
EndProject
Project("{FAE04EC0-301F-11D3-BF4B-00C04F79EFBC}") = "Tyuiu.MelehovAG.Sprint4.Task2.V0", "Tyuiu.MelehovAG.Sprint4.Task2.V0\Tyuiu.MelehovAG.Sprint4.Task2.V0.csproj", "{0A5B52FB-3F3D-4840-94BE-F0C08A1B19A5}"
EndProject
Project("{FAE04EC0-301F-11D3-BF4B-00C04F79EFBC}") = "Tyuiu.MelehovAG.Sprint4.Task2.V0.Lib", "Tyuiu.MelehovAG.Sprint4.Task2.V0.Lib\Tyuiu.MelehovAG.Sprint4.Task2.V0.Lib.csproj", "{DB7AD019-7C43-4800-87A3-655C2E383FA3}"
EndProject
Project("{FAE04EC0-301F-11D3-BF4B-00C04F79EFBC}") = "Tyuiu.MelehovAG.Sprint4.Task2.V0.Test", "Tyuiu.MelehovAG.Sprint4.Task2.V0.Test\Tyuiu.MelehovAG.Sprint4.Task2.V0.Test.csproj", "{E06F3E00-A357-41B3-B826-89A30649218B}"
EndProject
Project("{FAE04EC0-301F-11D3-BF4B-00C04F79EFBC}") = "Tyuiu.MelehovAG.Sprint4.Task3.V0", "Tyuiu.MelehovAG.Sprint4.Task3.V0\Tyuiu.MelehovAG.Sprint4.Task3.V0.csproj", "{59C5B3E3-6825-4A3A-A50D-D10DB0C3C30A}"
EndProject
Project("{FAE04EC0-301F-11D3-BF4B-00C04F79EFBC}") = "Tyuiu.MelehovAG.Sprint4.Task3.V0.Lib", "Tyuiu.MelehovAG.Sprint4.Task3.V0.Lib\Tyuiu.MelehovAG.Sprint4.Task3.V0.Lib.csproj", "{C2F497B6-22C1-4E37-BBBA-D842F4F26763}"
EndProject
Project("{FAE04EC0-301F-11D3-BF4B-00C04F79EFBC}") = "Tyuiu.MelehovAG.Sprint4.Task3.V0.Test", "Tyuiu.MelehovAG.Sprint4.Task3.V0.Test\Tyuiu.MelehovAG.Sprint4.Task3.V0.Test.csproj", "{F2B9F2F2-67F2-48D3-A771-7F1A6C4ED385}"
EndProject
Project("{FAE04EC0-301F-11D3-BF4B-00C04F79EFBC}") = "Tyuiu.MelehovAG.Sprint4.Task4.V0", "Tyuiu.MelehovAG.Sprint4.Task4.V0\Tyuiu.MelehovAG.Sprint4.Task4.V0.csproj", "{3E78E692-C2BC-413C-80F7-CC3B4C963153}"
EndProject
Project("{FAE04EC0-301F-11D3-BF4B-00C04F79EFBC}") = "Tyuiu.MelehovAG.Sprint4.Task4.V0.Lib", "Tyuiu.MelehovAG.Sprint4.Task4.V0.Lib\Tyuiu.MelehovAG.Sprint4.Task4.V0.Lib.csproj", "{FC5A5ABB-F584-43CD-ABE3-8E1D539BEA34}"
EndProject
Project("{FAE04EC0-301F-11D3-BF4B-00C04F79EFBC}") = "Tyuiu.MelehovAG.Sprint4.Task4.V0.Test", "Tyuiu.MelehovAG.Sprint4.Task4.V0.Test\Tyuiu.MelehovAG.Sprint4.Task4.V0.Test.csproj", "{8F7EAF6E-A99E-4C44-9B8C-1C4E2271E192}"
EndProject
Project("{FAE04EC0-301F-11D3-BF4B-00C04F79EFBC}") = "Tyuiu.MelehovAG.Sprint4.Task5.V0", "Tyuiu.MelehovAG.Sprint4.Task5.V0\Tyuiu.MelehovAG.Sprint4.Task5.V0.csproj", "{EBCC33CB-633E-4A96-8D89-33950D2DC9AD}"
EndProject
Project("{FAE04EC0-301F-11D3-BF4B-00C04F79EFBC}") = "Tyuiu.MelehovAG.Sprint4.Task5.V0.Lib", "Tyuiu.MelehovAG.Sprint4.Task5.V0.Lib\Tyuiu.MelehovAG.Sprint4.Task5.V0.Lib.csproj", "{2E5804D2-37EB-4E60-AF9D-7F04BC50B160}"
EndProject
Project("{FAE04EC0-301F-11D3-BF4B-00C04F79EFBC}") = "Tyuiu.MelehovAG.Sprint4.Task5.V0.Test", "Tyuiu.MelehovAG.Sprint4.Task5.V0.Test\Tyuiu.MelehovAG.Sprint4.Task5.V0.Test.csproj", "{5E7C12CB-1C7C-44E3-B43E-DDBBAFDB7815}"
EndProject
Project("{FAE04EC0-301F-11D3-BF4B-00C04F79EFBC}") = "Tyuiu.MelehovAG.Sprint4.Task6.V0", "Tyuiu.MelehovAG.Sprint4.Task6.V0\Tyuiu.MelehovAG.Sprint4.Task6.V0.csproj", "{0EC1E1A4-D986-4812-B075-51076DDC95B1}"
EndProject
Project("{FAE04EC0-301F-11D3-BF4B-00C04F79EFBC}") = "Tyuiu.MelehovAG.Sprint4.Task6.V0.Lib", "Tyuiu.MelehovAG.Sprint4.Task6.V0.Lib\Tyuiu.MelehovAG.Sprint4.Task6.V0.Lib.csproj", "{25E39376-7851-4617-82EA-0B7FA232BAFB}"
EndProject
Project("{FAE04EC0-301F-11D3-BF4B-00C04F79EFBC}") = "Tyuiu.MelehovAG.Sprint4.Task6.V0.Test", "Tyuiu.MelehovAG.Sprint4.Task6.V0.Test\Tyuiu.MelehovAG.Sprint4.Task6.V0.Test.csproj", "{0C2D336E-B0E9-4EDE-AD3B-9CA4B7E71A34}"
EndProject
Project("{FAE04EC0-301F-11D3-BF4B-00C04F79EFBC}") = "Tyuiu.MelehovAG.Sprint4.Task7.V0", "Tyuiu.MelehovAG.Sprint4.Task7.V0\Tyuiu.MelehovAG.Sprint4.Task7.V0.csproj", "{B532CEE1-D424-41F6-8DC6-6697F9A8695B}"
EndProject
Project("{FAE04EC0-301F-11D3-BF4B-00C04F79EFBC}") = "Tyuiu.MelehovAG.Sprint4.Task7.V0.Lib", "Tyuiu.MelehovAG.Sprint4.Task7.V0.Lib\Tyuiu.MelehovAG.Sprint4.Task7.V0.Lib.csproj", "{A6290727-FA5C-47C4-AD7F-D8CA58CD58FE}"
EndProject
Project("{FAE04EC0-301F-11D3-BF4B-00C04F79EFBC}") = "Tyuiu.MelehovAG.Sprint4.Task7.V0.Test", "Tyuiu.MelehovAG.Sprint4.Task7.V0.Test\Tyuiu.MelehovAG.Sprint4.Task7.V0.Test.csproj", "{4B712FF4-9961-4785-877D-A3DCA5486142}"
EndProject
Global
	GlobalSection(SolutionConfigurationPlatforms) = preSolution
		Debug|Any CPU = Debug|Any CPU
		Release|Any CPU = Release|Any CPU
	EndGlobalSection
	GlobalSection(ProjectConfigurationPlatforms) = postSolution
		{89BE7EB7-E7F8-43DB-ACF1-7C91B0873DE5}.Debug|Any CPU.ActiveCfg = Debug|Any CPU
		{89BE7EB7-E7F8-43DB-ACF1-7C91B0873DE5}.Debug|Any CPU.Build.0 = Debug|Any CPU
		{89BE7EB7-E7F8-43DB-ACF1-7C91B0873DE5}.Release|Any CPU.ActiveCfg = Release|Any CPU
		{89BE7EB7-E7F8-43DB-ACF1-7C91B0873DE5}.Release|Any CPU.Build.0 = Release|Any CPU
		{64B817C2-AEB0-462C-9BB0-9FE5EF4F82C9}.Debug|Any CPU.ActiveCfg = Debug|Any CPU
		{64B817C2-AEB0-462C-9BB0-9FE5EF4F82C9}.Debug|Any CPU.Build.0 = Debug|Any CPU
		{64B817C2-AEB0-462C-9BB0-9FE5EF4F82C9}.Release|Any CPU.ActiveCfg = Release|Any CPU
		{64B817C2-AEB0-462C-9BB0-9FE5EF4F82C9}.Release|Any CPU.Build.0 = Release|Any CPU
		{FF772849-5EF9-4278-865A-52716669EA84}.Debug|Any CPU.ActiveCfg = Debug|Any CPU
		{FF772849-5EF9-4278-865A-52716669EA84}.Debug|Any CPU.Build.0 = Debug|Any CPU
		{FF772849-5EF9-4278-865A-52716669EA84}.Release|Any CPU.ActiveCfg = Release|Any CPU
		{FF772849-5EF9-4278-865A-52716669EA84}.Release|Any CPU.Build.0 = Release|Any CPU
		{B3CFDC2C-48A6-4AB1-81D2-3B66F48C3210}.Debug|Any CPU.ActiveCfg = Debug|Any CPU
		{B3CFDC2C-48A6-4AB1-81D2-3B66F48C3210}.Debug|Any CPU.Build.0 = Debug|Any CPU
		{B3CFDC2C-48A6-4AB1-81D2-3B66F48C3210}.Release|Any CPU.ActiveCfg = Release|Any CPU
		{B3CFDC2C-48A6-4AB1-81D2-3B66F48C3210}.Release|Any CPU.Build.0 = Release|Any CPU
		{4C198449-1CBA-453B-8B08-462F94987368}.Debug|Any CPU.ActiveCfg = Debug|Any CPU
		{4C198449-1CBA-453B-8B08-462F94987368}.Debug|Any CPU.Build.0 = Debug|Any CPU
		{4C198449-1CBA-453B-8B08-462F94987368}.Release|Any CPU.ActiveCfg = Release|Any CPU
		{4C198449-1CBA-453B-8B08-462F94987368}.Release|Any CPU.Build.0 = Release|Any CPU
		{354CDC39-CC7A-473F-844F-4F640B81BCF3}.Debug|Any CPU.ActiveCfg = Debug|Any CPU
		{354CDC39-CC7A-473F-844F-4F640B81BCF3}.Debug|Any CPU.Build.0 = Debug|Any CPU
		{354CDC39-CC7A-473F-844F-4F640B81BCF3}.Release|Any CPU.ActiveCfg = Release|Any CPU
		{354CDC39-CC7A-473F-844F-4F640B81BCF3}.Release|Any CPU.Build.0 = Release|Any CPU
		{0A5B52FB-3F3D-4840-94BE-F0C08A1B19A5}.Debug|Any CPU.ActiveCfg = Debug|Any CPU
		{0A5B52FB-3F3D-4840-94BE-F0C08A1B19A5}.Debug|Any CPU.Build.0 = Debug|Any CPU
		{0A5B52FB-3F3D-4840-94BE-F0C08A1B19A5}.Release|Any CPU.ActiveCfg = Release|Any CPU
		{0A5B52FB-3F3D-4840-94BE-F0C08A1B19A5}.Release|Any CPU.Build.0 = Release|Any CPU
		{DB7AD019-7C43-4800-87A3-655C2E383FA3}.Debug|Any CPU.ActiveCfg = Debug|Any CPU
		{DB7AD019-7C43-4800-87A3-655C2E383FA3}.Debug|Any CPU.Build.0 = Debug|Any CPU
		{DB7AD019-7C43-4800-87A3-655C2E383FA3}.Release|Any CPU.ActiveCfg = Release|Any CPU
		{DB7AD019-7C43-4800-87A3-655C2E383FA3}.Release|Any CPU.Build.0 = Release|Any CPU
		{E06F3E00-A357-41B3-B826-89A30649218B}.Debug|Any CPU.ActiveCfg = Debug|Any CPU
		{E06F3E00-A357-41B3-B826-89A30649218B}.Debug|Any CPU.Build.0 = Debug|Any CPU
		{E06F3E00-A357-41B3-B826-89A30649218B}.Release|Any CPU.ActiveCfg = Release|Any CPU
		{E06F3E00-A357-41B3-B826-89A30649218B}.Release|Any CPU.Build.0 = Release|Any CPU
		{59C5B3E3-6825-4A3A-A50D-D10DB0C3C30A}.Debug|Any CPU.ActiveCfg = Debug|Any CPU
		{59C5B3E3-6825-4A3A-A50D-D10DB0C3C30A}.Debug|Any CPU.Build.0 = Debug|Any CPU
		{59C5B3E3-6825-4A3A-A50D-D10DB0C3C30A}.Release|Any CPU.ActiveCfg = Release|Any CPU
		{59C5B3E3-6825-4A3A-A50D-D10DB0C3C30A}.Release|Any CPU.Build.0 = Release|Any CPU
		{C2F497B6-22C1-4E37-BBBA-D842F4F26763}.Debug|Any CPU.ActiveCfg = Debug|Any CPU
		{C2F497B6-22C1-4E37-BBBA-D842F4F26763}.Debug|Any CPU.Build.0 = Debug|Any CPU
		{C2F497B6-22C1-4E37-BBBA-D842F4F26763}.Release|Any CPU.ActiveCfg = Release|Any CPU
		{C2F497B6-22C1-4E37-BBBA-D842F4F26763}.Release|Any CPU.Build.0 = Release|Any CPU
		{F2B9F2F2-67F2-48D3-A771-7F1A6C4ED385}.Debug|Any CPU.ActiveCfg = Debug|Any CPU
		{F2B9F2F2-67F2-48D3-A771-7F1A6C4ED385}.Debug|Any CPU.Build.0 = Debug|Any CPU
		{F2B9F2F2-67F2-48D3-A771-7F1A6C4ED385}.Release|Any CPU.ActiveCfg = Release|Any CPU
		{F2B9F2F2-67F2-48D3-A771-7F1A6C4ED385}.Release|Any CPU.Build.0 = Release|Any CPU
		{3E78E692-C2BC-413C-80F7-CC3B4C963153}.Debug|Any CPU.ActiveCfg = Debug|Any CPU
		{3E78E692-C2BC-413C-80F7-CC3B4C963153}.Debug|Any CPU.Build.0 = Debug|Any CPU
		{3E78E692-C2BC-413C-80F7-CC3B4C963153}.Release|Any CPU.ActiveCfg = Release|Any CPU
		{3E78E692-C2BC-413C-80F7-CC3B4C963153}.Release|Any CPU.Build.0 = Release|Any CPU
		{FC5A5ABB-F584-43CD-ABE3-8E1D539BEA34}.Debug|Any CPU.ActiveCfg = Debug|Any CPU
		{FC5A5ABB-F584-43CD-ABE3-8E1D539BEA34}.Debug|Any CPU.Build.0 = Debug|Any CPU
		{FC5A5ABB-F584-43CD-ABE3-8E1D539BEA34}.Release|Any CPU.ActiveCfg = Release|Any CPU
		{FC5A5ABB-F584-43CD-ABE3-8E1D539BEA34}.Release|Any CPU.Build.0 = Release|Any CPU
		{8F7EAF6E-A99E-4C44-9B8C-1C4E2271E192}.Debug|Any CPU.ActiveCfg = Debug|Any CPU
		{8F7EAF6E-A99E-4C44-9B8C-1C4E2271E192}.Debug|Any CPU.Build.0 = Debug|Any CPU
		{8F7EAF6E-A99E-4C44-9B8C-1C4E2271E192}.Release|Any CPU.ActiveCfg = Release|Any CPU
		{8F7EAF6E-A99E-4C44-9B8C-1C4E2271E192}.Release|Any CPU.Build.0 = Release|Any CPU
		{EBCC33CB-633E-4A96-8D89-33950D2DC9AD}.Debug|Any CPU.ActiveCfg = Debug|Any CPU
		{EBCC33CB-633E-4A96-8D89-33950D2DC9AD}.Debug|Any CPU.Build.0 = Debug|Any CPU
		{EBCC33CB-633E-4A96-8D89-33950D2DC9AD}.Release|Any CPU.ActiveCfg = Release|Any CPU
		{EBCC33CB-633E-4A96-8D89-33950D2DC9AD}.Release|Any CPU.Build.0 = Release|Any CPU
		{2E5804D2-37EB-4E60-AF9D-7F04BC50B160}.Debug|Any CPU.ActiveCfg = Debug|Any CPU
		{2E5804D2-37EB-4E60-AF9D-7F04BC50B160}.Debug|Any CPU.Build.0 = Debug|Any CPU
		{2E5804D2-37EB-4E60-AF9D-7F04BC50B160}.Release|Any CPU.ActiveCfg = Release|Any CPU
		{2E5804D2-37EB-4E60-AF9D-7F04BC50B160}.Release|Any CPU.Build.0 = Release|Any CPU
		{5E7C12CB-1C7C-44E3-B43E-DDBBAFDB7815}.Debug|Any CPU.ActiveCfg = Debug|Any CPU
		{5E7C12CB-1C7C-44E3-B43E-DDBBAFDB7815}.Debug|Any CPU.Build.0 = Debug|Any CPU
		{5E7C12CB-1C7C-44E3-B43E-DDBBAFDB7815}.Release|Any CPU.ActiveCfg = Release|Any CPU
		{5E7C12CB-1C7C-44E3-B43E-DDBBAFDB7815}.Release|Any CPU.Build.0 = Release|Any CPU
		{0EC1E1A4-D986-4812-B075-51076DDC95B1}.Debug|Any CPU.ActiveCfg = Debug|Any CPU
		{0EC1E1A4-D986-4812-B075-51076DDC95B1}.Debug|Any CPU.Build.0 = Debug|Any CPU
		{0EC1E1A4-D986-4812-B075-51076DDC95B1}.Release|Any CPU.ActiveCfg = Release|Any CPU
		{0EC1E1A4-D986-4812-B075-51076DDC95B1}.Release|Any CPU.Build.0 = Release|Any CPU
		{25E39376-7851-4617-82EA-0B7FA232BAFB}.Debug|Any CPU.ActiveCfg = Debug|Any CPU
		{25E39376-7851-4617-82EA-0B7FA232BAFB}.Debug|Any CPU.Build.0 = Debug|Any CPU
		{25E39376-7851-4617-82EA-0B7FA232BAFB}.Release|Any CPU.ActiveCfg = Release|Any CPU
		{25E39376-7851-4617-82EA-0B7FA232BAFB}.Release|Any CPU.Build.0 = Release|Any CPU
		{0C2D336E-B0E9-4EDE-AD3B-9CA4B7E71A34}.Debug|Any CPU.ActiveCfg = Debug|Any CPU
		{0C2D336E-B0E9-4EDE-AD3B-9CA4B7E71A34}.Debug|Any CPU.Build.0 = Debug|Any CPU
		{0C2D336E-B0E9-4EDE-AD3B-9CA4B7E71A34}.Release|Any CPU.ActiveCfg = Release|Any CPU
		{0C2D336E-B0E9-4EDE-AD3B-9CA4B7E71A34}.Release|Any CPU.Build.0 = Release|Any CPU
		{B532CEE1-D424-41F6-8DC6-6697F9A8695B}.Debug|Any CPU.ActiveCfg = Debug|Any CPU
		{B532CEE1-D424-41F6-8DC6-6697F9A8695B}.Debug|Any CPU.Build.0 = Debug|Any CPU
		{B532CEE1-D424-41F6-8DC6-6697F9A8695B}.Release|Any CPU.ActiveCfg = Release|Any CPU
		{B532CEE1-D424-41F6-8DC6-6697F9A8695B}.Release|Any CPU.Build.0 = Release|Any CPU
		{A6290727-FA5C-47C4-AD7F-D8CA58CD58FE}.Debug|Any CPU.ActiveCfg = Debug|Any CPU
		{A6290727-FA5C-47C4-AD7F-D8CA58CD58FE}.Debug|Any CPU.Build.0 = Debug|Any CPU
		{A6290727-FA5C-47C4-AD7F-D8CA58CD58FE}.Release|Any CPU.ActiveCfg = Release|Any CPU
		{A6290727-FA5C-47C4-AD7F-D8CA58CD58FE}.Release|Any CPU.Build.0 = Release|Any CPU
		{4B712FF4-9961-4785-877D-A3DCA5486142}.Debug|Any CPU.ActiveCfg = Debug|Any CPU
		{4B712FF4-9961-4785-877D-A3DCA5486142}.Debug|Any CPU.Build.0 = Debug|Any CPU
		{4B712FF4-9961-4785-877D-A3DCA5486142}.Release|Any CPU.ActiveCfg = Release|Any CPU
		{4B712FF4-9961-4785-877D-A3DCA5486142}.Release|Any CPU.Build.0 = Release|Any CPU
	EndGlobalSection
	GlobalSection(SolutionProperties) = preSolution
		HideSolutionNode = FALSE
	EndGlobalSection
	GlobalSection(NestedProjects) = preSolution
		{89BE7EB7-E7F8-43DB-ACF1-7C91B0873DE5} = {8EA455BD-D0B9-4BFE-85B1-05825F637CC8}
		{64B817C2-AEB0-462C-9BB0-9FE5EF4F82C9} = {8EA455BD-D0B9-4BFE-85B1-05825F637CC8}
		{FF772849-5EF9-4278-865A-52716669EA84} = {8EA455BD-D0B9-4BFE-85B1-05825F637CC8}
		{B3CFDC2C-48A6-4AB1-81D2-3B66F48C3210} = {00F9DD37-3230-43B6-AEB3-3355FB5F1FA8}
		{4C198449-1CBA-453B-8B08-462F94987368} = {00F9DD37-3230-43B6-AEB3-3355FB5F1FA8}
		{354CDC39-CC7A-473F-844F-4F640B81BCF3} = {00F9DD37-3230-43B6-AEB3-3355FB5F1FA8}
		{0A5B52FB-3F3D-4840-94BE-F0C08A1B19A5} = {59D8F170-5460-4BD2-B2AE-679C2DAEC1FA}
		{DB7AD019-7C43-4800-87A3-655C2E383FA3} = {59D8F170-5460-4BD2-B2AE-679C2DAEC1FA}
		{E06F3E00-A357-41B3-B826-89A30649218B} = {59D8F170-5460-4BD2-B2AE-679C2DAEC1FA}
		{59C5B3E3-6825-4A3A-A50D-D10DB0C3C30A} = {71C512F8-F1BF-4755-A5CA-22AC18792D20}
		{C2F497B6-22C1-4E37-BBBA-D842F4F26763} = {71C512F8-F1BF-4755-A5CA-22AC18792D20}
		{F2B9F2F2-67F2-48D3-A771-7F1A6C4ED385} = {71C512F8-F1BF-4755-A5CA-22AC18792D20}
		{3E78E692-C2BC-413C-80F7-CC3B4C963153} = {BC16BDDA-52AA-48D3-B6F2-95F3B84C1CD4}
		{FC5A5ABB-F584-43CD-ABE3-8E1D539BEA34} = {BC16BDDA-52AA-48D3-B6F2-95F3B84C1CD4}
		{8F7EAF6E-A99E-4C44-9B8C-1C4E2271E192} = {BC16BDDA-52AA-48D3-B6F2-95F3B84C1CD4}
		{EBCC33CB-633E-4A96-8D89-33950D2DC9AD} = {695A2A7C-690E-4B93-A8E8-6B2B1E9CAF1A}
		{2E5804D2-37EB-4E60-AF9D-7F04BC50B160} = {695A2A7C-690E-4B93-A8E8-6B2B1E9CAF1A}
		{5E7C12CB-1C7C-44E3-B43E-DDBBAFDB7815} = {695A2A7C-690E-4B93-A8E8-6B2B1E9CAF1A}
		{0EC1E1A4-D986-4812-B075-51076DDC95B1} = {3390551D-E0CF-4852-B92F-3010CED786EC}
		{25E39376-7851-4617-82EA-0B7FA232BAFB} = {3390551D-E0CF-4852-B92F-3010CED786EC}
		{0C2D336E-B0E9-4EDE-AD3B-9CA4B7E71A34} = {3390551D-E0CF-4852-B92F-3010CED786EC}
		{B532CEE1-D424-41F6-8DC6-6697F9A8695B} = {D3127D21-A3F7-4F1C-9602-C722AF7B2D90}
		{A6290727-FA5C-47C4-AD7F-D8CA58CD58FE} = {D3127D21-A3F7-4F1C-9602-C722AF7B2D90}
		{4B712FF4-9961-4785-877D-A3DCA5486142} = {D3127D21-A3F7-4F1C-9602-C722AF7B2D90}
	EndGlobalSection
	GlobalSection(ExtensibilityGlobals) = postSolution
		SolutionGuid = {34DDEF65-271D-4B15-89F4-EDC652AADBB0}
	EndGlobalSection
EndGlobal
